// !$*UTF8*$!
{
	archiveVersion = 1;
	classes = {
	};
	objectVersion = 46;
	objects = {

/* Begin PBXBuildFile section */
		1751CDAD1D758DF9002A46AC /* AppDelegate.swift in Sources */ = {isa = PBXBuildFile; fileRef = 1751CDAC1D758DF9002A46AC /* AppDelegate.swift */; };
		1751CDAF1D758DF9002A46AC /* ViewController.swift in Sources */ = {isa = PBXBuildFile; fileRef = 1751CDAE1D758DF9002A46AC /* ViewController.swift */; };
		1751CDB21D758DF9002A46AC /* Main.storyboard in Resources */ = {isa = PBXBuildFile; fileRef = 1751CDB01D758DF9002A46AC /* Main.storyboard */; };
		1751CDB41D758DF9002A46AC /* Assets.xcassets in Resources */ = {isa = PBXBuildFile; fileRef = 1751CDB31D758DF9002A46AC /* Assets.xcassets */; };
		1751CDB71D758DF9002A46AC /* LaunchScreen.storyboard in Resources */ = {isa = PBXBuildFile; fileRef = 1751CDB51D758DF9002A46AC /* LaunchScreen.storyboard */; };
		1751CDBF1D758E11002A46AC /* TimeFuncView.swift in Sources */ = {isa = PBXBuildFile; fileRef = 1751CDBE1D758E11002A46AC /* TimeFuncView.swift */; };
		1751CDC11D76B943002A46AC /* CountLabel.swift in Sources */ = {isa = PBXBuildFile; fileRef = 1751CDC01D76B943002A46AC /* CountLabel.swift */; };
/* End PBXBuildFile section */

/* Begin PBXFileReference section */
		1751CDA91D758DF9002A46AC /* TimeFuncGraph.app */ = {isa = PBXFileReference; explicitFileType = wrapper.application; includeInIndex = 0; path = TimeFuncGraph.app; sourceTree = BUILT_PRODUCTS_DIR; };
		1751CDAC1D758DF9002A46AC /* AppDelegate.swift */ = {isa = PBXFileReference; lastKnownFileType = sourcecode.swift; path = AppDelegate.swift; sourceTree = "<group>"; };
		1751CDAE1D758DF9002A46AC /* ViewController.swift */ = {isa = PBXFileReference; lastKnownFileType = sourcecode.swift; path = ViewController.swift; sourceTree = "<group>"; };
		1751CDB11D758DF9002A46AC /* Base */ = {isa = PBXFileReference; lastKnownFileType = file.storyboard; name = Base; path = Base.lproj/Main.storyboard; sourceTree = "<group>"; };
		1751CDB31D758DF9002A46AC /* Assets.xcassets */ = {isa = PBXFileReference; lastKnownFileType = folder.assetcatalog; path = Assets.xcassets; sourceTree = "<group>"; };
		1751CDB61D758DF9002A46AC /* Base */ = {isa = PBXFileReference; lastKnownFileType = file.storyboard; name = Base; path = Base.lproj/LaunchScreen.storyboard; sourceTree = "<group>"; };
		1751CDB81D758DF9002A46AC /* Info.plist */ = {isa = PBXFileReference; lastKnownFileType = text.plist.xml; path = Info.plist; sourceTree = "<group>"; };
		1751CDBE1D758E11002A46AC /* TimeFuncView.swift */ = {isa = PBXFileReference; fileEncoding = 4; lastKnownFileType = sourcecode.swift; path = TimeFuncView.swift; sourceTree = "<group>"; };
		1751CDC01D76B943002A46AC /* CountLabel.swift */ = {isa = PBXFileReference; fileEncoding = 4; lastKnownFileType = sourcecode.swift; path = CountLabel.swift; sourceTree = "<group>"; };
/* End PBXFileReference section */

/* Begin PBXFrameworksBuildPhase section */
		1751CDA61D758DF9002A46AC /* Frameworks */ = {
			isa = PBXFrameworksBuildPhase;
			buildActionMask = 2147483647;
			files = (
			);
			runOnlyForDeploymentPostprocessing = 0;
		};
/* End PBXFrameworksBuildPhase section */

/* Begin PBXGroup section */
		1751CDA01D758DF9002A46AC = {
			isa = PBXGroup;
			children = (
				1751CDAB1D758DF9002A46AC /* TimeFuncGraph */,
				1751CDAA1D758DF9002A46AC /* Products */,
			);
			sourceTree = "<group>";
		};
		1751CDAA1D758DF9002A46AC /* Products */ = {
			isa = PBXGroup;
			children = (
				1751CDA91D758DF9002A46AC /* TimeFuncGraph.app */,
			);
			name = Products;
			sourceTree = "<group>";
		};
		1751CDAB1D758DF9002A46AC /* TimeFuncGraph */ = {
			isa = PBXGroup;
			children = (
				1751CDAC1D758DF9002A46AC /* AppDelegate.swift */,
				1751CDAE1D758DF9002A46AC /* ViewController.swift */,
				1751CDB01D758DF9002A46AC /* Main.storyboard */,
				1751CDB31D758DF9002A46AC /* Assets.xcassets */,
				1751CDB51D758DF9002A46AC /* LaunchScreen.storyboard */,
				1751CDB81D758DF9002A46AC /* Info.plist */,
				1751CDBE1D758E11002A46AC /* TimeFuncView.swift */,
				1751CDC01D76B943002A46AC /* CountLabel.swift */,
			);
			path = TimeFuncGraph;
			sourceTree = "<group>";
		};
/* End PBXGroup section */

/* Begin PBXNativeTarget section */
		1751CDA81D758DF9002A46AC /* TimeFuncGraph */ = {
			isa = PBXNativeTarget;
			buildConfigurationList = 1751CDBB1D758DF9002A46AC /* Build configuration list for PBXNativeTarget "TimeFuncGraph" */;
			buildPhases = (
				1751CDA51D758DF9002A46AC /* Sources */,
				1751CDA61D758DF9002A46AC /* Frameworks */,
				1751CDA71D758DF9002A46AC /* Resources */,
			);
			buildRules = (
			);
			dependencies = (
			);
			name = TimeFuncGraph;
			productName = TimeFuncGraph;
			productReference = 1751CDA91D758DF9002A46AC /* TimeFuncGraph.app */;
			productType = "com.apple.product-type.application";
		};
/* End PBXNativeTarget section */

/* Begin PBXProject section */
		1751CDA11D758DF9002A46AC /* Project object */ = {
			isa = PBXProject;
			attributes = {
				LastSwiftUpdateCheck = 0730;
				LastUpgradeCheck = 0730;
				ORGANIZATIONNAME = peer;
				TargetAttributes = {
					1751CDA81D758DF9002A46AC = {
						CreatedOnToolsVersion = 7.3.1;
					};
				};
			};
			buildConfigurationList = 1751CDA41D758DF9002A46AC /* Build configuration list for PBXProject "TimeFuncGraph" */;
			compatibilityVersion = "Xcode 3.2";
			developmentRegion = English;
			hasScannedForEncodings = 0;
			knownRegions = (
				en,
				Base,
			);
			mainGroup = 1751CDA01D758DF9002A46AC;
			productRefGroup = 1751CDAA1D758DF9002A46AC /* Products */;
			projectDirPath = "";
			projectRoot = "";
			targets = (
				1751CDA81D758DF9002A46AC /* TimeFuncGraph */,
			);
		};
/* End PBXProject section */

/* Begin PBXResourcesBuildPhase section */
		1751CDA71D758DF9002A46AC /* Resources */ = {
			isa = PBXResourcesBuildPhase;
			buildActionMask = 2147483647;
			files = (
				1751CDB71D758DF9002A46AC /* LaunchScreen.storyboard in Resources */,
				1751CDB41D758DF9002A46AC /* Assets.xcassets in Resources */,
				1751CDB21D758DF9002A46AC /* Main.storyboard in Resources */,
			);
			runOnlyForDeploymentPostprocessing = 0;
		};
/* End PBXResourcesBuildPhase section */

/* Begin PBXSourcesBuildPhase section */
		1751CDA51D758DF9002A46AC /* Sources */ = {
			isa = PBXSourcesBuildPhase;
			buildActionMask = 2147483647;
			files = (
				1751CDC11D76B943002A46AC /* CountLabel.swift in Sources */,
				1751CDAF1D758DF9002A46AC /* ViewController.swift in Sources */,
				1751CDBF1D758E11002A46AC /* TimeFuncView.swift in Sources */,
				1751CDAD1D758DF9002A46AC /* AppDelegate.swift in Sources */,
			);
			runOnlyForDeploymentPostprocessing = 0;
		};
/* End PBXSourcesBuildPhase section */

/* Begin PBXVariantGroup section */
		1751CDB01D758DF9002A46AC /* Main.storyboard */ = {
			isa = PBXVariantGroup;
			children = (
				1751CDB11D758DF9002A46AC /* Base */,
			);
			name = Main.storyboard;
			sourceTree = "<group>";
		};
		1751CDB51D758DF9002A46AC /* LaunchScreen.storyboard */ = {
			isa = PBXVariantGroup;
			children = (
				1751CDB61D758DF9002A46AC /* Base */,
			);
			name = LaunchScreen.storyboard;
			sourceTree = "<group>";
		};
/* End PBXVariantGroup section */

/* Begin XCBuildConfiguration section */
		1751CDB91D758DF9002A46AC /* Debug */ = {
			isa = XCBuildConfiguration;
			buildSettings = {
				ALWAYS_SEARCH_USER_PATHS = NO;
				CLANG_ANALYZER_NONNULL = YES;
				CLANG_CXX_LANGUAGE_STANDARD = "gnu++0x";
				CLANG_CXX_LIBRARY = "libc++";
				CLANG_ENABLE_MODULES = YES;
				CLANG_ENABLE_OBJC_ARC = YES;
				CLANG_WARN_BOOL_CONVERSION = YES;
				CLANG_WARN_CONSTANT_CONVERSION = YES;
				CLANG_WARN_DIRECT_OBJC_ISA_USAGE = YES_ERROR;
				CLANG_WARN_EMPTY_BODY = YES;
				CLANG_WARN_ENUM_CONVERSION = YES;
				CLANG_WARN_INT_CONVERSION = YES;
				CLANG_WARN_OBJC_ROOT_CLASS = YES_ERROR;
				CLANG_WARN_UNREACHABLE_CODE = YES;
				CLANG_WARN__DUPLICATE_METHOD_MATCH = YES;
				"CODE_SIGN_IDENTITY[sdk=iphoneos*]" = "iPhone Developer";
				COPY_PHASE_STRIP = NO;
				DEBUG_INFORMATION_FORMAT = dwarf;
				ENABLE_STRICT_OBJC_MSGSEND = YES;
				ENABLE_TESTABILITY = YES;
				GCC_C_LANGUAGE_STANDARD = gnu99;
				GCC_DYNAMIC_NO_PIC = NO;
				GCC_NO_COMMON_BLOCKS = YES;
				GCC_OPTIMIZATION_LEVEL = 0;
				GCC_PREPROCESSOR_DEFINITIONS = (
					"DEBUG=1",
					"$(inherited)",
				);
				GCC_WARN_64_TO_32_BIT_CONVERSION = YES;
				GCC_WARN_ABOUT_RETURN_TYPE = YES_ERROR;
				GCC_WARN_UNDECLARED_SELECTOR = YES;
				GCC_WARN_UNINITIALIZED_AUTOS = YES_AGGRESSIVE;
				GCC_WARN_UNUSED_FUNCTION = YES;
				GCC_WARN_UNUSED_VARIABLE = YES;
				IPHONEOS_DEPLOYMENT_TARGET = 9.3;
				MTL_ENABLE_DEBUG_INFO = YES;
				ONLY_ACTIVE_ARCH = YES;
				SDKROOT = iphoneos;
				SWIFT_OPTIMIZATION_LEVEL = "-Onone";
				TARGETED_DEVICE_FAMILY = "1,2";
			};
			name = Debug;
		};
		1751CDBA1D758DF9002A46AC /* Release */ = {
			isa = XCBuildConfiguration;
			buildSettings = {
				ALWAYS_SEARCH_USER_PATHS = NO;
				CLANG_ANALYZER_NONNULL = YES;
				CLANG_CXX_LANGUAGE_STANDARD = "gnu++0x";
				CLANG_CXX_LIBRARY = "libc++";
				CLANG_ENABLE_MODULES = YES;
				CLANG_ENABLE_OBJC_ARC = YES;
				CLANG_WARN_BOOL_CONVERSION = YES;
				CLANG_WARN_CONSTANT_CONVERSION = YES;
				CLANG_WARN_DIRECT_OBJC_ISA_USAGE = YES_ERROR;
				CLANG_WARN_EMPTY_BODY = YES;
				CLANG_WARN_ENUM_CONVERSION = YES;
				CLANG_WARN_INT_CONVERSION = YES;
				CLANG_WARN_OBJC_ROOT_CLASS = YES_ERROR;
				CLANG_WARN_UNREACHABLE_CODE = YES;
				CLANG_WARN__DUPLICATE_METHOD_MATCH = YES;
				"CODE_SIGN_IDENTITY[sdk=iphoneos*]" = "iPhone Developer";
				COPY_PHASE_STRIP = NO;
				DEBUG_INFORMATION_FORMAT = "dwarf-with-dsym";
				ENABLE_NS_ASSERTIONS = NO;
				ENABLE_STRICT_OBJC_MSGSEND = YES;
				GCC_C_LANGUAGE_STANDARD = gnu99;
				GCC_NO_COMMON_BLOCKS = YES;
				GCC_WARN_64_TO_32_BIT_CONVERSION = YES;
				GCC_WARN_ABOUT_RETURN_TYPE = YES_ERROR;
				GCC_WARN_UNDECLARED_SELECTOR = YES;
				GCC_WARN_UNINITIALIZED_AUTOS = YES_AGGRESSIVE;
				GCC_WARN_UNUSED_FUNCTION = YES;
				GCC_WARN_UNUSED_VARIABLE = YES;
				IPHONEOS_DEPLOYMENT_TARGET = 9.3;
				MTL_ENABLE_DEBUG_INFO = NO;
				SDKROOT = iphoneos;
				TARGETED_DEVICE_FAMILY = "1,2";
				VALIDATE_PRODUCT = YES;
			};
			name = Release;
		};
		1751CDBC1D758DF9002A46AC /* Debug */ = {
			isa = XCBuildConfiguration;
			buildSettings = {
				ASSETCATALOG_COMPILER_APPICON_NAME = AppIcon;
				INFOPLIST_FILE = TimeFuncGraph/Info.plist;
				LD_RUNPATH_SEARCH_PATHS = "$(inherited) @executable_path/Frameworks";
				PRODUCT_BUNDLE_IDENTIFIER = com.peer.TimeFuncGraph;
				PRODUCT_NAME = "$(TARGET_NAME)";
			};
			name = Debug;
		};
		1751CDBD1D758DF9002A46AC /* Release */ = {
			isa = XCBuildConfiguration;
			buildSettings = {
				ASSETCATALOG_COMPILER_APPICON_NAME = AppIcon;
				INFOPLIST_FILE = TimeFuncGraph/Info.plist;
				LD_RUNPATH_SEARCH_PATHS = "$(inherited) @executable_path/Frameworks";
				PRODUCT_BUNDLE_IDENTIFIER = com.peer.TimeFuncGraph;
				PRODUCT_NAME = "$(TARGET_NAME)";
			};
			name = Release;
		};
/* End XCBuildConfiguration section */

/* Begin XCConfigurationList section */
		1751CDA41D758DF9002A46AC /* Build configuration list for PBXProject "TimeFuncGraph" */ = {
			isa = XCConfigurationList;
			buildConfigurations = (
				1751CDB91D758DF9002A46AC /* Debug */,
				1751CDBA1D758DF9002A46AC /* Release */,
			);
			defaultConfigurationIsVisible = 0;
			defaultConfigurationName = Release;
		};
		1751CDBB1D758DF9002A46AC /* Build configuration list for PBXNativeTarget "TimeFuncGraph" */ = {
			isa = XCConfigurationList;
			buildConfigurations = (
				1751CDBC1D758DF9002A46AC /* Debug */,
				1751CDBD1D758DF9002A46AC /* Release */,
			);
			defaultConfigurationIsVisible = 0;
		};
/* End XCConfigurationList section */
	};
	rootObject = 1751CDA11D758DF9002A46AC /* Project object */;
}
